<?xml version="1.0" encoding="utf-8"?>
<Project ToolsVersion="4.0" xmlns="http://schemas.microsoft.com/developer/msbuild/2003">
  <ItemGroup>
    <Filter Include="Source Files">
      <UniqueIdentifier>{4FC737F1-C7A5-4376-A066-2A32D752A2FF}</UniqueIdentifier>
      <Extensions>cpp;c;cc;cxx;def;odl;idl;hpj;bat;asm;asmx</Extensions>
    </Filter>
    <Filter Include="Header Files">
      <UniqueIdentifier>{93995380-89BD-4b04-88EB-625FBE52EBFB}</UniqueIdentifier>
      <Extensions>h;hpp;hxx;hm;inl;inc;xsd</Extensions>
    </Filter>
    <Filter Include="Resource Files">
      <UniqueIdentifier>{67DA6AB6-F800-4c08-8B7A-83BB121AAD01}</UniqueIdentifier>
      <Extensions>rc;ico;cur;bmp;dlg;rc2;rct;bin;rgs;gif;jpg;jpeg;jpe;resx;tiff;tif;png;wav</Extensions>
    </Filter>
  </ItemGroup>
  <ItemGroup>
    <ClCompile Include="engine\nodes\CameraNode.cpp">
      <Filter>Source Files</Filter>
    </ClCompile>
    <ClCompile Include="engine\nodes\renderables\CubeNode.cpp">
      <Filter>Source Files</Filter>
    </ClCompile>
    <ClCompile Include="engine\nodes\renderables\materials\DiffuseMaterial.cpp">
      <Filter>Source Files</Filter>
    </ClCompile>
    <ClCompile Include="engine\nodes\lights\DirectionalLight.cpp">
      <Filter>Source Files</Filter>
    </ClCompile>
    <ClCompile Include="application\events\EventReceiver.cpp">
      <Filter>Source Files</Filter>
    </ClCompile>
    <ClCompile Include="engine\systems\input\InputHandler.cpp">
      <Filter>Source Files</Filter>
    </ClCompile>
    <ClCompile Include="engine\systems\graphics\LightManager.cpp">
      <Filter>Source Files</Filter>
    </ClCompile>
    <ClCompile Include="engine\nodes\lights\LightNode.cpp">
      <Filter>Source Files</Filter>
    </ClCompile>
    <ClCompile Include="main.cpp">
      <Filter>Source Files</Filter>
    </ClCompile>
    <ClCompile Include="engine\nodes\renderables\materials\Material.cpp">
      <Filter>Source Files</Filter>
    </ClCompile>
    <ClCompile Include="engine\nodes\renderables\meshes\Mesh.cpp">
      <Filter>Source Files</Filter>
    </ClCompile>
    <ClCompile Include="engine\systems\multimedia\MultimediaSystem.cpp">
      <Filter>Source Files</Filter>
    </ClCompile>
    <ClCompile Include="engine\nodes\Node.cpp">
      <Filter>Source Files</Filter>
    </ClCompile>
    <ClCompile Include="engine\nodes\renderables\PlaneNode.cpp">
      <Filter>Source Files</Filter>
    </ClCompile>
    <ClCompile Include="engine\math\Quaternion.cpp">
      <Filter>Source Files</Filter>
    </ClCompile>
    <ClCompile Include="engine\nodes\renderables\RenderableNode.cpp">
      <Filter>Source Files</Filter>
    </ClCompile>
    <ClCompile Include="engine\systems\graphics\RenderSystem.cpp">
      <Filter>Source Files</Filter>
    </ClCompile>
    <ClCompile Include="application\SampleApplication.cpp">
      <Filter>Source Files</Filter>
    </ClCompile>
    <ClCompile Include="engine\scene\SceneManager.cpp">
      <Filter>Source Files</Filter>
    </ClCompile>
    <ClCompile Include="engine\systems\graphics\ShaderSystem.cpp">
      <Filter>Source Files</Filter>
    </ClCompile>
    <ClCompile Include="engine\nodes\renderables\materials\textures\Texture.cpp">
      <Filter>Source Files</Filter>
    </ClCompile>
    <ClCompile Include="engine\systems\graphics\TextureManager.cpp">
      <Filter>Source Files</Filter>
    </ClCompile>
    <ClCompile Include="engine\systems\timer\Timer.cpp">
      <Filter>Source Files</Filter>
    </ClCompile>
    <ClCompile Include="engine\math\Transform.cpp">
      <Filter>Source Files</Filter>
    </ClCompile>
    <ClCompile Include="engine\math\Vector.cpp">
      <Filter>Source Files</Filter>
    </ClCompile>
    <ClCompile Include="engine\RenderEngine.cpp">
      <Filter>Source Files</Filter>
    </ClCompile>
    <ClCompile Include="engine\nodes\renderables\materials\SpecularMaterial.cpp">
      <Filter>Source Files</Filter>
    </ClCompile>
    <ClCompile Include="engine\nodes\renderables\materials\ToonMaterialcpp.cpp">
      <Filter>Source Files</Filter>
    </ClCompile>
    <ClCompile Include="engine\nodes\lights\PointLight.cpp">
      <Filter>Source Files</Filter>
    </ClCompile>
  </ItemGroup>
  <ItemGroup>
    <ClInclude Include="engine\nodes\CameraNode.h">
      <Filter>Header Files</Filter>
    </ClInclude>
    <ClInclude Include="engine\nodes\renderables\CubeNode.h">
      <Filter>Header Files</Filter>
    </ClInclude>
    <ClInclude Include="engine\nodes\renderables\materials\DiffuseMaterial.h">
      <Filter>Header Files</Filter>
    </ClInclude>
    <ClInclude Include="engine\nodes\lights\DirectionalLight.h">
      <Filter>Header Files</Filter>
    </ClInclude>
    <ClInclude Include="application\events\EventReceiver.h">
      <Filter>Header Files</Filter>
    </ClInclude>
    <ClInclude Include="engine\systems\input\InputHandler.h">
      <Filter>Header Files</Filter>
    </ClInclude>
    <ClInclude Include="engine\systems\graphics\LightManager.h">
      <Filter>Header Files</Filter>
    </ClInclude>
    <ClInclude Include="engine\nodes\lights\LightNode.h">
      <Filter>Header Files</Filter>
    </ClInclude>
    <ClInclude Include="engine\nodes\renderables\materials\Material.h">
      <Filter>Header Files</Filter>
    </ClInclude>
    <ClInclude Include="engine\math\math_util.h">
      <Filter>Header Files</Filter>
    </ClInclude>
    <ClInclude Include="engine\nodes\renderables\meshes\Mesh.h">
      <Filter>Header Files</Filter>
    </ClInclude>
    <ClInclude Include="engine\systems\multimedia\MultimediaSystem.h">
      <Filter>Header Files</Filter>
    </ClInclude>
    <ClInclude Include="engine\nodes\Node.h">
      <Filter>Header Files</Filter>
    </ClInclude>
    <ClInclude Include="engine\nodes\renderables\PlaneNode.h">
      <Filter>Header Files</Filter>
    </ClInclude>
    <ClInclude Include="engine\math\Quaternion.h">
      <Filter>Header Files</Filter>
    </ClInclude>
    <ClInclude Include="engine\nodes\renderables\RenderableNode.h">
      <Filter>Header Files</Filter>
    </ClInclude>
    <ClInclude Include="engine\systems\graphics\RenderSystem.h">
      <Filter>Header Files</Filter>
    </ClInclude>
    <ClInclude Include="application\SampleApplication.h">
      <Filter>Header Files</Filter>
    </ClInclude>
    <ClInclude Include="engine\scene\SceneManager.h">
      <Filter>Header Files</Filter>
    </ClInclude>
    <ClInclude Include="engine\nodes\renderables\materials\ShaderConsts.h">
      <Filter>Header Files</Filter>
    </ClInclude>
    <ClInclude Include="engine\systems\graphics\ShaderSystem.h">
      <Filter>Header Files</Filter>
    </ClInclude>
    <ClInclude Include="engine\util\singleton_macros.h">
      <Filter>Header Files</Filter>
    </ClInclude>
    <ClInclude Include="engine\nodes\renderables\materials\textures\Texture.h">
      <Filter>Header Files</Filter>
    </ClInclude>
    <ClInclude Include="engine\systems\graphics\TextureManager.h">
      <Filter>Header Files</Filter>
    </ClInclude>
    <ClInclude Include="engine\systems\timer\Timer.h">
      <Filter>Header Files</Filter>
    </ClInclude>
    <ClInclude Include="engine\math\Transform.h">
      <Filter>Header Files</Filter>
    </ClInclude>
    <ClInclude Include="engine\math\Vector.h">
      <Filter>Header Files</Filter>
    </ClInclude>
    <ClInclude Include="engine\RenderEngine.h">
      <Filter>Header Files</Filter>
    </ClInclude>
    <ClInclude Include="engine\nodes\renderables\materials\SpecularMaterial.h">
      <Filter>Header Files</Filter>
    </ClInclude>
    <ClInclude Include="engine\nodes\renderables\materials\ToonMaterial.h">
      <Filter>Header Files</Filter>
    </ClInclude>
    <ClInclude Include="engine\systems\input\button_names.h">
      <Filter>Header Files</Filter>
    </ClInclude>
    <ClInclude Include="engine\nodes\lights\PointLight.h">
      <Filter>Header Files</Filter>
    </ClInclude>
  </ItemGroup>
</Project>