<?xml version="1.0" encoding="utf-8"?>
<Project ToolsVersion="4.0" xmlns="http://schemas.microsoft.com/developer/msbuild/2003">
  <ItemGroup>
    <Filter Include="Source Files">
      <UniqueIdentifier>{4FC737F1-C7A5-4376-A066-2A32D752A2FF}</UniqueIdentifier>
      <Extensions>cpp;c;cc;cxx;def;odl;idl;hpj;bat;asm;asmx</Extensions>
    </Filter>
    <Filter Include="Header Files">
      <UniqueIdentifier>{93995380-89BD-4b04-88EB-625FBE52EBFB}</UniqueIdentifier>
      <Extensions>h;hpp;hxx;hm;inl;inc;xsd</Extensions>
    </Filter>
    <Filter Include="Resource Files">
      <UniqueIdentifier>{67DA6AB6-F800-4c08-8B7A-83BB121AAD01}</UniqueIdentifier>
      <Extensions>rc;ico;cur;bmp;dlg;rc2;rct;bin;rgs;gif;jpg;jpeg;jpe;resx;tiff;tif;png;wav</Extensions>
    </Filter>
  </ItemGroup>
  <ItemGroup>
    <ClCompile Include="engine\utils\FileUtils.cpp">
      <Filter>Source Files</Filter>
    </ClCompile>
    <ClCompile Include="engine\entities\Entity.cpp">
      <Filter>Source Files</Filter>
    </ClCompile>
    <ClCompile Include="engine\math\Quaternion.cpp">
      <Filter>Source Files</Filter>
    </ClCompile>
    <ClCompile Include="engine\math\Vector.cpp">
      <Filter>Source Files</Filter>
    </ClCompile>
    <ClCompile Include="engine\entities\components\transforms\TransformComponent.cpp">
      <Filter>Source Files</Filter>
    </ClCompile>
    <ClCompile Include="engine\entities\components\cameras\CameraComponent.cpp">
      <Filter>Source Files</Filter>
    </ClCompile>
    <ClCompile Include="engine\entities\components\meshes\MeshComponent.cpp">
      <Filter>Source Files</Filter>
    </ClCompile>
    <ClCompile Include="engine\systems\graphics\RenderManager.cpp">
      <Filter>Source Files</Filter>
    </ClCompile>
    <ClCompile Include="engine\systems\wrappers\graphics\AGraphicsWrapper.cpp">
      <Filter>Source Files</Filter>
    </ClCompile>
    <ClCompile Include="engine\systems\wrappers\graphics\OpenGLAPI.cpp">
      <Filter>Source Files</Filter>
    </ClCompile>
    <ClCompile Include="engine\RenderEngine.cpp">
      <Filter>Source Files</Filter>
    </ClCompile>
    <ClCompile Include="engine\systems\wrappers\multimedia\AMultimediaWrapper.cpp">
      <Filter>Source Files</Filter>
    </ClCompile>
    <ClCompile Include="engine\systems\wrappers\multimedia\SDLAPI.cpp">
      <Filter>Source Files</Filter>
    </ClCompile>
    <ClCompile Include="engine\systems\multimedia\MultimediaManager.cpp">
      <Filter>Source Files</Filter>
    </ClCompile>
    <ClCompile Include="engine\systems\timer\Timer.cpp">
      <Filter>Source Files</Filter>
    </ClCompile>
    <ClCompile Include="engine\systems\graphics\MatrixManager.cpp">
      <Filter>Source Files</Filter>
    </ClCompile>
    <ClCompile Include="engine\systems\graphics\ShaderManager.cpp">
      <Filter>Source Files</Filter>
    </ClCompile>
    <ClCompile Include="engine\systems\graphics\LightManager.cpp">
      <Filter>Source Files</Filter>
    </ClCompile>
    <ClCompile Include="engine\entities\components\lights\ALightComponent.cpp">
      <Filter>Source Files</Filter>
    </ClCompile>
    <ClCompile Include="engine\entities\components\lights\DirectionalLightComponent.cpp">
      <Filter>Source Files</Filter>
    </ClCompile>
    <ClCompile Include="engine\entities\components\lights\PointLightComponent.cpp">
      <Filter>Source Files</Filter>
    </ClCompile>
    <ClCompile Include="engine\entities\components\meshes\materials\Material.cpp">
      <Filter>Source Files</Filter>
    </ClCompile>
    <ClCompile Include="engine\entities\components\meshes\materials\components\ColorMaterialComponent.cpp">
      <Filter>Source Files</Filter>
    </ClCompile>
    <ClCompile Include="engine\scene\SceneManager.cpp">
      <Filter>Source Files</Filter>
    </ClCompile>
    <ClCompile Include="engine\entities\components\meshes\MeshFactory.cpp">
      <Filter>Source Files</Filter>
    </ClCompile>
    <ClCompile Include="engine\systems\graphics\renders\ColorRenderer.cpp">
      <Filter>Source Files</Filter>
    </ClCompile>
    <ClCompile Include="engine\entities\components\AEntityComponent.cpp">
      <Filter>Source Files</Filter>
    </ClCompile>
    <ClCompile Include="engine\utils\Log.cpp">
      <Filter>Source Files</Filter>
    </ClCompile>
  </ItemGroup>
  <ItemGroup>
    <ClInclude Include="engine\utils\EShaderVariable.h">
      <Filter>Header Files</Filter>
    </ClInclude>
    <ClInclude Include="engine\utils\FileUtils.h">
      <Filter>Header Files</Filter>
    </ClInclude>
    <ClInclude Include="engine\utils\singleton_macros.h">
      <Filter>Header Files</Filter>
    </ClInclude>
    <ClInclude Include="engine\entities\Entity.h">
      <Filter>Header Files</Filter>
    </ClInclude>
    <ClInclude Include="engine\utils\memory_aliases.h">
      <Filter>Header Files</Filter>
    </ClInclude>
    <ClInclude Include="engine\math\math_util.h">
      <Filter>Header Files</Filter>
    </ClInclude>
    <ClInclude Include="engine\math\Quaternion.h">
      <Filter>Header Files</Filter>
    </ClInclude>
    <ClInclude Include="engine\math\Vector.h">
      <Filter>Header Files</Filter>
    </ClInclude>
    <ClInclude Include="engine\entities\components\AEntityComponent.h">
      <Filter>Header Files</Filter>
    </ClInclude>
    <ClInclude Include="engine\entities\components\transforms\TransformComponent.h">
      <Filter>Header Files</Filter>
    </ClInclude>
    <ClInclude Include="engine\entities\components\cameras\CameraComponent.h">
      <Filter>Header Files</Filter>
    </ClInclude>
    <ClInclude Include="engine\entities\components\meshes\MeshComponent.h">
      <Filter>Header Files</Filter>
    </ClInclude>
    <ClInclude Include="engine\systems\graphics\RenderManager.h">
      <Filter>Header Files</Filter>
    </ClInclude>
    <ClInclude Include="engine\systems\wrappers\graphics\AGraphicsWrapper.h">
      <Filter>Header Files</Filter>
    </ClInclude>
    <ClInclude Include="engine\systems\wrappers\graphics\OpenGLAPI.h">
      <Filter>Header Files</Filter>
    </ClInclude>
    <ClInclude Include="engine\RenderEngine.h">
      <Filter>Header Files</Filter>
    </ClInclude>
    <ClInclude Include="engine\systems\wrappers\multimedia\AMultimediaWrapper.h">
      <Filter>Header Files</Filter>
    </ClInclude>
    <ClInclude Include="engine\systems\wrappers\multimedia\SDLAPI.h">
      <Filter>Header Files</Filter>
    </ClInclude>
    <ClInclude Include="engine\systems\input\button_names.h">
      <Filter>Header Files</Filter>
    </ClInclude>
    <ClInclude Include="engine\systems\input\InputHandler.h">
      <Filter>Header Files</Filter>
    </ClInclude>
    <ClInclude Include="engine\systems\multimedia\MultimediaManager.h">
      <Filter>Header Files</Filter>
    </ClInclude>
    <ClInclude Include="engine\systems\timer\Timer.h">
      <Filter>Header Files</Filter>
    </ClInclude>
    <ClInclude Include="engine\systems\graphics\MatrixManager.h">
      <Filter>Header Files</Filter>
    </ClInclude>
    <ClInclude Include="engine\systems\graphics\ShaderManager.h">
      <Filter>Header Files</Filter>
    </ClInclude>
    <ClInclude Include="engine\systems\graphics\LightManager.h">
      <Filter>Header Files</Filter>
    </ClInclude>
    <ClInclude Include="engine\entities\components\lights\ALightComponent.h">
      <Filter>Header Files</Filter>
    </ClInclude>
    <ClInclude Include="engine\entities\components\lights\DirectionalLightComponent.h">
      <Filter>Header Files</Filter>
    </ClInclude>
    <ClInclude Include="engine\entities\components\lights\PointLightComponent.h">
      <Filter>Header Files</Filter>
    </ClInclude>
    <ClInclude Include="engine\entities\components\meshes\materials\Material.h">
      <Filter>Header Files</Filter>
    </ClInclude>
    <ClInclude Include="engine\entities\components\meshes\materials\components\AMaterialComponent.h">
      <Filter>Header Files</Filter>
    </ClInclude>
    <ClInclude Include="engine\entities\components\meshes\materials\components\ColorMaterialComponent.h">
      <Filter>Header Files</Filter>
    </ClInclude>
    <ClInclude Include="engine\entities\components\AComponentsHolder.h">
      <Filter>Header Files</Filter>
    </ClInclude>
    <ClInclude Include="engine\scene\SceneManager.h">
      <Filter>Header Files</Filter>
    </ClInclude>
    <ClInclude Include="engine\entities\components\meshes\MeshFactory.h">
      <Filter>Header Files</Filter>
    </ClInclude>
    <ClInclude Include="engine\entities\components\meshes\VertexData.h">
      <Filter>Header Files</Filter>
    </ClInclude>
    <ClInclude Include="engine\temp\TEMP_Engine.h">
      <Filter>Header Files</Filter>
    </ClInclude>
    <ClInclude Include="engine\systems\graphics\renders\ColorRenderer.h">
      <Filter>Header Files</Filter>
    </ClInclude>
    <ClInclude Include="engine\systems\graphics\renders\ShaderConsts.h">
      <Filter>Header Files</Filter>
    </ClInclude>
    <ClInclude Include="engine\utils\Log.h">
      <Filter>Header Files</Filter>
    </ClInclude>
  </ItemGroup>
  <ItemGroup>
    <None Include="engine\entities\components\AComponentsHolder.tpp" />
  </ItemGroup>
</Project>