<?xml version="1.0" encoding="utf-8"?>
<Project ToolsVersion="4.0" xmlns="http://schemas.microsoft.com/developer/msbuild/2003">
  <ItemGroup>
    <Filter Include="Source Files">
      <UniqueIdentifier>{4FC737F1-C7A5-4376-A066-2A32D752A2FF}</UniqueIdentifier>
      <Extensions>cpp;c;cc;cxx;def;odl;idl;hpj;bat;asm;asmx</Extensions>
    </Filter>
    <Filter Include="Header Files">
      <UniqueIdentifier>{93995380-89BD-4b04-88EB-625FBE52EBFB}</UniqueIdentifier>
      <Extensions>h;hpp;hxx;hm;inl;inc;xsd</Extensions>
    </Filter>
    <Filter Include="Resource Files">
      <UniqueIdentifier>{67DA6AB6-F800-4c08-8B7A-83BB121AAD01}</UniqueIdentifier>
      <Extensions>rc;ico;cur;bmp;dlg;rc2;rct;bin;rgs;gif;jpg;jpeg;jpe;resx;tiff;tif;png;wav</Extensions>
    </Filter>
  </ItemGroup>
  <ItemGroup>
    <ClCompile Include="src\core\graphics\meshData\MeshData.cpp">
      <Filter>Source Files</Filter>
    </ClCompile>
    <ClCompile Include="src\core\graphics\meshData\PrimitiveMeshFactory.cpp">
      <Filter>Source Files</Filter>
    </ClCompile>
    <ClCompile Include="src\core\graphics\renderers\shadersSetup\BaseRendererShaderSetup.cpp">
      <Filter>Source Files</Filter>
    </ClCompile>
    <ClCompile Include="src\core\graphics\renderers\shadersSetup\LightRendererShaderSetup.cpp">
      <Filter>Source Files</Filter>
    </ClCompile>
    <ClCompile Include="src\core\graphics\renderers\shadersSetup\ShadowRendererShaderSetup.cpp">
      <Filter>Source Files</Filter>
    </ClCompile>
    <ClCompile Include="src\core\graphics\renderers\GUIRenderer.cpp">
      <Filter>Source Files</Filter>
    </ClCompile>
    <ClCompile Include="src\core\graphics\renderers\ShadowRenderer.cpp">
      <Filter>Source Files</Filter>
    </ClCompile>
    <ClCompile Include="src\core\graphics\shaders\Shader.cpp">
      <Filter>Source Files</Filter>
    </ClCompile>
    <ClCompile Include="src\core\graphics\shaders\ShaderContentFactory.cpp">
      <Filter>Source Files</Filter>
    </ClCompile>
    <ClCompile Include="src\core\graphics\LightManager.cpp">
      <Filter>Source Files</Filter>
    </ClCompile>
    <ClCompile Include="src\core\graphics\RenderManager.cpp">
      <Filter>Source Files</Filter>
    </ClCompile>
    <ClCompile Include="src\core\graphics\ShaderManager.cpp">
      <Filter>Source Files</Filter>
    </ClCompile>
    <ClCompile Include="src\core\io\ModelLoader.cpp">
      <Filter>Source Files</Filter>
    </ClCompile>
    <ClCompile Include="src\core\multimedia\textures\atlases\Atlas.cpp">
      <Filter>Source Files</Filter>
    </ClCompile>
    <ClCompile Include="src\core\multimedia\textures\atlases\AtlasManager.cpp">
      <Filter>Source Files</Filter>
    </ClCompile>
    <ClCompile Include="src\core\multimedia\textures\atlases\FontAtlas.cpp">
      <Filter>Source Files</Filter>
    </ClCompile>
    <ClCompile Include="src\core\multimedia\textures\Texture.cpp">
      <Filter>Source Files</Filter>
    </ClCompile>
    <ClCompile Include="src\core\multimedia\textures\TextureManager.cpp">
      <Filter>Source Files</Filter>
    </ClCompile>
    <ClCompile Include="src\core\multimedia\MultimediaManager.cpp">
      <Filter>Source Files</Filter>
    </ClCompile>
    <ClCompile Include="src\core\singletonsManager\SingletonsManager.cpp">
      <Filter>Source Files</Filter>
    </ClCompile>
    <ClCompile Include="src\core\timer\Timer.cpp">
      <Filter>Source Files</Filter>
    </ClCompile>
    <ClCompile Include="src\core\wrappers\graphics\OpenGLAPI.cpp">
      <Filter>Source Files</Filter>
    </ClCompile>
    <ClCompile Include="src\core\wrappers\multimedia\SDLAPI.cpp">
      <Filter>Source Files</Filter>
    </ClCompile>
    <ClCompile Include="src\entities\components\cameras\CameraComponent.cpp">
      <Filter>Source Files</Filter>
    </ClCompile>
    <ClCompile Include="src\entities\components\lights\ALightComponent.cpp">
      <Filter>Source Files</Filter>
    </ClCompile>
    <ClCompile Include="src\entities\components\lights\DirectionalLightComponent.cpp">
      <Filter>Source Files</Filter>
    </ClCompile>
    <ClCompile Include="src\entities\components\lights\PointLightComponent.cpp">
      <Filter>Source Files</Filter>
    </ClCompile>
    <ClCompile Include="src\entities\components\renderables\gui\GUIImageComponent.cpp">
      <Filter>Source Files</Filter>
    </ClCompile>
    <ClCompile Include="src\entities\components\renderables\gui\GUITextComponent.cpp">
      <Filter>Source Files</Filter>
    </ClCompile>
    <ClCompile Include="src\entities\components\renderables\meshes\materials\components\ColorMaterialComponent.cpp">
      <Filter>Source Files</Filter>
    </ClCompile>
    <ClCompile Include="src\entities\components\renderables\meshes\materials\components\DiffuseMaterialComponent.cpp">
      <Filter>Source Files</Filter>
    </ClCompile>
    <ClCompile Include="src\entities\components\renderables\meshes\materials\components\NormalMaterialComponent.cpp">
      <Filter>Source Files</Filter>
    </ClCompile>
    <ClCompile Include="src\entities\components\renderables\meshes\materials\components\SpecularMaterialComponent.cpp">
      <Filter>Source Files</Filter>
    </ClCompile>
    <ClCompile Include="src\entities\components\renderables\meshes\materials\Material.cpp">
      <Filter>Source Files</Filter>
    </ClCompile>
    <ClCompile Include="src\entities\components\renderables\meshes\MeshComponent.cpp">
      <Filter>Source Files</Filter>
    </ClCompile>
    <ClCompile Include="src\entities\components\transforms\TransformComponent.cpp">
      <Filter>Source Files</Filter>
    </ClCompile>
    <ClCompile Include="src\entities\components\AComponentsHolder.cpp">
      <Filter>Source Files</Filter>
    </ClCompile>
    <ClCompile Include="src\entities\components\AEntityComponent.cpp">
      <Filter>Source Files</Filter>
    </ClCompile>
    <ClCompile Include="src\entities\Entity.cpp">
      <Filter>Source Files</Filter>
    </ClCompile>
    <ClCompile Include="src\entitiesManagers\gui\GUIManager.cpp">
      <Filter>Source Files</Filter>
    </ClCompile>
    <ClCompile Include="src\entitiesManagers\scene\SceneManager.cpp">
      <Filter>Source Files</Filter>
    </ClCompile>
    <ClCompile Include="src\entitiesManagers\AEntityManager.cpp">
      <Filter>Source Files</Filter>
    </ClCompile>
    <ClCompile Include="src\tests\TestServicesProvider.cpp">
      <Filter>Source Files</Filter>
    </ClCompile>
    <ClCompile Include="src\utils\math\MathUtils.cpp">
      <Filter>Source Files</Filter>
    </ClCompile>
    <ClCompile Include="src\utils\math\Rect.cpp">
      <Filter>Source Files</Filter>
    </ClCompile>
    <ClCompile Include="src\utils\FileUtils.cpp">
      <Filter>Source Files</Filter>
    </ClCompile>
    <ClCompile Include="src\RenderEngine.cpp">
      <Filter>Source Files</Filter>
    </ClCompile>
    <ClCompile Include="src\core\wrappers\graphics\OpenGLESAPI.cpp">
      <Filter>Source Files</Filter>
    </ClCompile>
    <ClCompile Include="src\entities\components\cameras\PostProcessingComponent.cpp">
      <Filter>Source Files</Filter>
    </ClCompile>
    <ClCompile Include="src\core\graphics\renderers\PostProcessingRenderer.cpp">
      <Filter>Source Files</Filter>
    </ClCompile>
    <ClCompile Include="src\entities\components\cameras\PostProcessingEffect.cpp">
      <Filter>Source Files</Filter>
    </ClCompile>
    <ClCompile Include="src\core\graphics\renderers\meshRendererComponents\litStates\LitRendererLightsState.cpp">
      <Filter>Source Files</Filter>
    </ClCompile>
    <ClCompile Include="src\core\graphics\renderers\meshRendererComponents\litStates\LitRendererNoLightsState.cpp">
      <Filter>Source Files</Filter>
    </ClCompile>
    <ClCompile Include="src\core\graphics\renderers\meshRendererComponents\AORendererComponent.cpp">
      <Filter>Source Files</Filter>
    </ClCompile>
    <ClCompile Include="src\core\graphics\renderers\meshRendererComponents\ColorRendererComponent.cpp">
      <Filter>Source Files</Filter>
    </ClCompile>
    <ClCompile Include="src\core\graphics\renderers\meshRendererComponents\DiffuseRendererComponent.cpp">
      <Filter>Source Files</Filter>
    </ClCompile>
    <ClCompile Include="src\core\graphics\renderers\meshRendererComponents\LitRendererComponent.cpp">
      <Filter>Source Files</Filter>
    </ClCompile>
    <ClCompile Include="src\core\graphics\renderers\meshRendererComponents\NormalRendererComponent.cpp">
      <Filter>Source Files</Filter>
    </ClCompile>
    <ClCompile Include="src\core\graphics\renderers\meshRendererComponents\SpecularRendererComponent.cpp">
      <Filter>Source Files</Filter>
    </ClCompile>
    <ClCompile Include="src\core\graphics\renderers\MeshRenderer.cpp">
      <Filter>Source Files</Filter>
    </ClCompile>
    <ClCompile Include="src\core\graphics\renderers\postProcessingRendererComponents\BloomRendererComponent.cpp">
      <Filter>Source Files</Filter>
    </ClCompile>
    <ClCompile Include="src\core\graphics\renderers\postProcessingRendererComponents\SinglePassRendererComponent.cpp">
      <Filter>Source Files</Filter>
    </ClCompile>
    <ClCompile Include="src\core\graphics\renderers\postProcessingRendererComponents\HDRRendererComponent.cpp">
      <Filter>Source Files</Filter>
    </ClCompile>
    <ClCompile Include="src\core\graphics\renderers\postProcessingRendererComponents\DOFRendererComponent.cpp">
      <Filter>Source Files</Filter>
    </ClCompile>
    <ClCompile Include="src\entities\components\renderables\meshes\materials\components\OutlineMaterialComponent.cpp">
      <Filter>Source Files</Filter>
    </ClCompile>
    <ClCompile Include="src\core\graphics\renderers\meshRendererComponents\OutlineRendererComponent.cpp">
      <Filter>Source Files</Filter>
    </ClCompile>
    <ClCompile Include="src\core\graphics\renderers\postProcessingRendererComponents\OutlineRendererPPComponent.cpp">
      <Filter>Source Files</Filter>
    </ClCompile>
    <ClCompile Include="src\entities\components\renderables\meshes\materials\components\AmbientOcclusionMaterialComponent.cpp">
      <Filter>Source Files</Filter>
    </ClCompile>
    <ClCompile Include="src\core\wrappers\multimedia\gui\ImGuiAPIState.cpp">
      <Filter>Source Files</Filter>
    </ClCompile>
    <ClCompile Include="thirdParties\imgui\imgui.cpp">
      <Filter>Source Files</Filter>
    </ClCompile>
    <ClCompile Include="thirdParties\imgui\imgui_demo.cpp">
      <Filter>Source Files</Filter>
    </ClCompile>
    <ClCompile Include="thirdParties\imgui\imgui_draw.cpp">
      <Filter>Source Files</Filter>
    </ClCompile>
    <ClCompile Include="thirdParties\imgui\imgui_impl_opengl3.cpp">
      <Filter>Source Files</Filter>
    </ClCompile>
    <ClCompile Include="thirdParties\imgui\imgui_impl_sdl.cpp">
      <Filter>Source Files</Filter>
    </ClCompile>
    <ClCompile Include="thirdParties\imgui\imgui_widgets.cpp">
      <Filter>Source Files</Filter>
    </ClCompile>
    <ClCompile Include="src\core\wrappers\multimedia\gui\ImGuiAPI.cpp">
      <Filter>Source Files</Filter>
    </ClCompile>
    <ClCompile Include="src\editors\WorldEditor.cpp">
      <Filter>Source Files</Filter>
    </ClCompile>
    <ClCompile Include="src\entities\components\renderables\meshes\materials\components\SpriteMaterialComponent.cpp">
      <Filter>Source Files</Filter>
    </ClCompile>
    <ClCompile Include="src\core\graphics\renderers\meshRendererComponents\SpriteRendererComponent.cpp">
      <Filter>Source Files</Filter>
    </ClCompile>
    <ClCompile Include="src\core\wrappers\multimedia\SDLAndroidAPI.cpp">
      <Filter>Source Files</Filter>
    </ClCompile>
    <ClCompile Include="src\core\multimedia\EngineValues.cpp">
      <Filter>Source Files</Filter>
    </ClCompile>
    <ClCompile Include="src\entities\components\renderables\gui\GUIButtonComponent.cpp">
      <Filter>Source Files</Filter>
    </ClCompile>
  </ItemGroup>
  <ItemGroup>
    <ClInclude Include="engine\entities\Entity.h">
      <Filter>Header Files</Filter>
    </ClInclude>
    <ClInclude Include="engine\entities\components\AEntityComponent.h">
      <Filter>Header Files</Filter>
    </ClInclude>
    <ClInclude Include="engine\entities\components\transforms\TransformComponent.h">
      <Filter>Header Files</Filter>
    </ClInclude>
    <ClInclude Include="engine\entities\components\cameras\CameraComponent.h">
      <Filter>Header Files</Filter>
    </ClInclude>
    <ClInclude Include="engine\entities\components\lights\ALightComponent.h">
      <Filter>Header Files</Filter>
    </ClInclude>
    <ClInclude Include="engine\entities\components\lights\DirectionalLightComponent.h">
      <Filter>Header Files</Filter>
    </ClInclude>
    <ClInclude Include="engine\entities\components\lights\PointLightComponent.h">
      <Filter>Header Files</Filter>
    </ClInclude>
    <ClInclude Include="engine\entities\components\AComponentsHolder.h">
      <Filter>Header Files</Filter>
    </ClInclude>
    <ClInclude Include="engine\tests\TestServicesProvider.h">
      <Filter>Header Files</Filter>
    </ClInclude>
    <ClInclude Include="engine\systems\multimedia\text\Font.h">
      <Filter>Header Files</Filter>
    </ClInclude>
    <ClInclude Include="engine\systems\multimedia\text\Glyph.h">
      <Filter>Header Files</Filter>
    </ClInclude>
    <ClInclude Include="engine\entitiesManagers\gui\GUIManager.h">
      <Filter>Header Files</Filter>
    </ClInclude>
    <ClInclude Include="engine\entitiesManagers\scene\SceneManager.h">
      <Filter>Header Files</Filter>
    </ClInclude>
    <ClInclude Include="engine\core\graphics\meshData\MeshData.h">
      <Filter>Header Files</Filter>
    </ClInclude>
    <ClInclude Include="engine\core\graphics\meshData\PrimitiveMeshFactory.h">
      <Filter>Header Files</Filter>
    </ClInclude>
    <ClInclude Include="engine\core\graphics\renderers\GUIRenderer.h">
      <Filter>Header Files</Filter>
    </ClInclude>
    <ClInclude Include="engine\core\graphics\renderers\Renderer.h">
      <Filter>Header Files</Filter>
    </ClInclude>
    <ClInclude Include="engine\core\graphics\shaders\ShaderContentFactory.h">
      <Filter>Header Files</Filter>
    </ClInclude>
    <ClInclude Include="engine\core\graphics\LightManager.h">
      <Filter>Header Files</Filter>
    </ClInclude>
    <ClInclude Include="engine\core\graphics\MatrixManager.h">
      <Filter>Header Files</Filter>
    </ClInclude>
    <ClInclude Include="engine\core\graphics\RenderManager.h">
      <Filter>Header Files</Filter>
    </ClInclude>
    <ClInclude Include="engine\core\graphics\ShaderManager.h">
      <Filter>Header Files</Filter>
    </ClInclude>
    <ClInclude Include="engine\core\io\button_names.h">
      <Filter>Header Files</Filter>
    </ClInclude>
    <ClInclude Include="engine\core\io\InputHandler.h">
      <Filter>Header Files</Filter>
    </ClInclude>
    <ClInclude Include="engine\core\io\ModelLoader.h">
      <Filter>Header Files</Filter>
    </ClInclude>
    <ClInclude Include="engine\core\multimedia\textures\atlases\Atlas.h">
      <Filter>Header Files</Filter>
    </ClInclude>
    <ClInclude Include="engine\core\multimedia\textures\atlases\AtlasManager.h">
      <Filter>Header Files</Filter>
    </ClInclude>
    <ClInclude Include="engine\core\multimedia\textures\atlases\FontAtlas.h">
      <Filter>Header Files</Filter>
    </ClInclude>
    <ClInclude Include="engine\core\multimedia\textures\EMaterialMap.h">
      <Filter>Header Files</Filter>
    </ClInclude>
    <ClInclude Include="engine\core\multimedia\textures\Texture.h">
      <Filter>Header Files</Filter>
    </ClInclude>
    <ClInclude Include="engine\core\multimedia\textures\TextureManager.h">
      <Filter>Header Files</Filter>
    </ClInclude>
    <ClInclude Include="engine\core\multimedia\MultimediaManager.h">
      <Filter>Header Files</Filter>
    </ClInclude>
    <ClInclude Include="engine\core\timer\Timer.h">
      <Filter>Header Files</Filter>
    </ClInclude>
    <ClInclude Include="engine\core\wrappers\graphics\AGraphicsWrapper.h">
      <Filter>Header Files</Filter>
    </ClInclude>
    <ClInclude Include="engine\core\wrappers\graphics\OpenGLAPI.h">
      <Filter>Header Files</Filter>
    </ClInclude>
    <ClInclude Include="engine\core\wrappers\multimedia\AMultimediaWrapper.h">
      <Filter>Header Files</Filter>
    </ClInclude>
    <ClInclude Include="engine\core\wrappers\multimedia\SDLAPI.h">
      <Filter>Header Files</Filter>
    </ClInclude>
    <ClInclude Include="engine\core\singletonsManager\SingletonsManager.h">
      <Filter>Header Files</Filter>
    </ClInclude>
    <ClInclude Include="engine\core\singletonsManager\ASingleton.h">
      <Filter>Header Files</Filter>
    </ClInclude>
    <ClInclude Include="engine\core\graphics\shaders\Shader.h">
      <Filter>Header Files</Filter>
    </ClInclude>
    <ClInclude Include="engine\core\graphics\shaders\ShaderConstants.h">
      <Filter>Header Files</Filter>
    </ClInclude>
    <ClInclude Include="engine\entities\components\EComponentId.h">
      <Filter>Header Files</Filter>
    </ClInclude>
    <ClInclude Include="engine\entities\components\renderables\ARenderableComponent.h">
      <Filter>Header Files</Filter>
    </ClInclude>
    <ClInclude Include="engine\entities\components\renderables\gui\GUIImageComponent.h">
      <Filter>Header Files</Filter>
    </ClInclude>
    <ClInclude Include="engine\entities\components\renderables\gui\GUITextComponent.h">
      <Filter>Header Files</Filter>
    </ClInclude>
    <ClInclude Include="engine\entities\components\renderables\meshes\materials\components\AMaterialComponent.h">
      <Filter>Header Files</Filter>
    </ClInclude>
    <ClInclude Include="engine\entities\components\renderables\meshes\materials\components\AmbientOcclusionMaterialComponent.h">
      <Filter>Header Files</Filter>
    </ClInclude>
    <ClInclude Include="engine\entities\components\renderables\meshes\materials\components\ColorMaterialComponent.h">
      <Filter>Header Files</Filter>
    </ClInclude>
    <ClInclude Include="engine\entities\components\renderables\meshes\materials\components\DiffuseMaterialComponent.h">
      <Filter>Header Files</Filter>
    </ClInclude>
    <ClInclude Include="engine\entities\components\renderables\meshes\materials\components\NormalMaterialComponent.h">
      <Filter>Header Files</Filter>
    </ClInclude>
    <ClInclude Include="engine\entities\components\renderables\meshes\materials\components\SpecularMaterialComponent.h">
      <Filter>Header Files</Filter>
    </ClInclude>
    <ClInclude Include="engine\entities\components\renderables\meshes\materials\Material.h">
      <Filter>Header Files</Filter>
    </ClInclude>
    <ClInclude Include="engine\entities\components\renderables\meshes\MeshComponent.h">
      <Filter>Header Files</Filter>
    </ClInclude>
    <ClInclude Include="engine\core\graphics\renderers\shadersSetup\ShadowRendererShaderSetup.h">
      <Filter>Header Files</Filter>
    </ClInclude>
    <ClInclude Include="engine\core\graphics\renderers\shadersSetup\BaseRendererShaderSetup.h">
      <Filter>Header Files</Filter>
    </ClInclude>
    <ClInclude Include="engine\core\graphics\renderers\shadersSetup\LightRendererShaderSetup.h">
      <Filter>Header Files</Filter>
    </ClInclude>
    <ClInclude Include="engine\core\graphics\renderers\components\AORendererComponent.h">
      <Filter>Header Files</Filter>
    </ClInclude>
    <ClInclude Include="engine\core\graphics\renderers\components\ColorRendererComponent.h">
      <Filter>Header Files</Filter>
    </ClInclude>
    <ClInclude Include="engine\core\graphics\renderers\components\DiffuseRendererComponent.h">
      <Filter>Header Files</Filter>
    </ClInclude>
    <ClInclude Include="engine\core\graphics\renderers\components\NormalRendererComponent.h">
      <Filter>Header Files</Filter>
    </ClInclude>
    <ClInclude Include="engine\core\graphics\renderers\components\SpecularRendererComponent.h">
      <Filter>Header Files</Filter>
    </ClInclude>
    <ClInclude Include="engine\core\graphics\renderers\ShadowRenderer.h">
      <Filter>Header Files</Filter>
    </ClInclude>
    <ClInclude Include="engine\core\graphics\shaders\ShaderLightData.h">
      <Filter>Header Files</Filter>
    </ClInclude>
    <ClInclude Include="engine\entities\components\lights\ShadowData.h">
      <Filter>Header Files</Filter>
    </ClInclude>
    <ClInclude Include="engine\entities\components\renderables\meshes\materials\components\LitMaterialComponent.h">
      <Filter>Header Files</Filter>
    </ClInclude>
    <ClInclude Include="engine\core\graphics\renderers\components\LitRendererComponent.h">
      <Filter>Header Files</Filter>
    </ClInclude>
    <ClInclude Include="engine\core\graphics\renderers\components\litStates\LitRendererLightsState.h">
      <Filter>Header Files</Filter>
    </ClInclude>
    <ClInclude Include="engine\core\graphics\renderers\components\litStates\LitRendererNoLightsState.h">
      <Filter>Header Files</Filter>
    </ClInclude>
    <ClInclude Include="include\AComponentsHolder.h">
      <Filter>Header Files</Filter>
    </ClInclude>
    <ClInclude Include="include\AEntityComponent.h">
      <Filter>Header Files</Filter>
    </ClInclude>
    <ClInclude Include="include\AEntityManager.h">
      <Filter>Header Files</Filter>
    </ClInclude>
    <ClInclude Include="include\AGraphicsWrapper.h">
      <Filter>Header Files</Filter>
    </ClInclude>
    <ClInclude Include="include\ALightComponent.h">
      <Filter>Header Files</Filter>
    </ClInclude>
    <ClInclude Include="include\AMaterialComponent.h">
      <Filter>Header Files</Filter>
    </ClInclude>
    <ClInclude Include="include\AmbientOcclusionMaterialComponent.h">
      <Filter>Header Files</Filter>
    </ClInclude>
    <ClInclude Include="include\AMultimediaWrapper.h">
      <Filter>Header Files</Filter>
    </ClInclude>
    <ClInclude Include="include\AORendererComponent.h">
      <Filter>Header Files</Filter>
    </ClInclude>
    <ClInclude Include="include\APostProcessingRendererComponent.h">
      <Filter>Header Files</Filter>
    </ClInclude>
    <ClInclude Include="include\ARenderableComponent.h">
      <Filter>Header Files</Filter>
    </ClInclude>
    <ClInclude Include="include\ASingleton.h">
      <Filter>Header Files</Filter>
    </ClInclude>
    <ClInclude Include="include\Atlas.h">
      <Filter>Header Files</Filter>
    </ClInclude>
    <ClInclude Include="include\AtlasManager.h">
      <Filter>Header Files</Filter>
    </ClInclude>
    <ClInclude Include="include\BaseRendererShaderSetup.h">
      <Filter>Header Files</Filter>
    </ClInclude>
    <ClInclude Include="include\BloomRendererComponent.h">
      <Filter>Header Files</Filter>
    </ClInclude>
    <ClInclude Include="include\button_names.h">
      <Filter>Header Files</Filter>
    </ClInclude>
    <ClInclude Include="include\CameraComponent.h">
      <Filter>Header Files</Filter>
    </ClInclude>
    <ClInclude Include="include\ColorMaterialComponent.h">
      <Filter>Header Files</Filter>
    </ClInclude>
    <ClInclude Include="include\ColorRendererComponent.h">
      <Filter>Header Files</Filter>
    </ClInclude>
    <ClInclude Include="include\core_defines.h">
      <Filter>Header Files</Filter>
    </ClInclude>
    <ClInclude Include="include\DiffuseMaterialComponent.h">
      <Filter>Header Files</Filter>
    </ClInclude>
    <ClInclude Include="include\DiffuseRendererComponent.h">
      <Filter>Header Files</Filter>
    </ClInclude>
    <ClInclude Include="include\DirectionalLightComponent.h">
      <Filter>Header Files</Filter>
    </ClInclude>
    <ClInclude Include="include\DOFRendererComponent.h">
      <Filter>Header Files</Filter>
    </ClInclude>
    <ClInclude Include="include\EComponentId.h">
      <Filter>Header Files</Filter>
    </ClInclude>
    <ClInclude Include="include\EMaterialMap.h">
      <Filter>Header Files</Filter>
    </ClInclude>
    <ClInclude Include="include\Entity.h">
      <Filter>Header Files</Filter>
    </ClInclude>
    <ClInclude Include="include\FileUtils.h">
      <Filter>Header Files</Filter>
    </ClInclude>
    <ClInclude Include="include\FontAtlas.h">
      <Filter>Header Files</Filter>
    </ClInclude>
    <ClInclude Include="include\GUIImageComponent.h">
      <Filter>Header Files</Filter>
    </ClInclude>
    <ClInclude Include="include\GUIManager.h">
      <Filter>Header Files</Filter>
    </ClInclude>
    <ClInclude Include="include\GUIRenderer.h">
      <Filter>Header Files</Filter>
    </ClInclude>
    <ClInclude Include="include\GUITextComponent.h">
      <Filter>Header Files</Filter>
    </ClInclude>
    <ClInclude Include="include\HDRRendererComponent.h">
      <Filter>Header Files</Filter>
    </ClInclude>
    <ClInclude Include="include\InputHandler.h">
      <Filter>Header Files</Filter>
    </ClInclude>
    <ClInclude Include="include\LightManager.h">
      <Filter>Header Files</Filter>
    </ClInclude>
    <ClInclude Include="include\LightRendererShaderSetup.h">
      <Filter>Header Files</Filter>
    </ClInclude>
    <ClInclude Include="include\LitMaterialComponent.h">
      <Filter>Header Files</Filter>
    </ClInclude>
    <ClInclude Include="include\LitRendererComponent.h">
      <Filter>Header Files</Filter>
    </ClInclude>
    <ClInclude Include="include\LitRendererLightsState.h">
      <Filter>Header Files</Filter>
    </ClInclude>
    <ClInclude Include="include\LitRendererNoLightsState.h">
      <Filter>Header Files</Filter>
    </ClInclude>
    <ClInclude Include="include\Material.h">
      <Filter>Header Files</Filter>
    </ClInclude>
    <ClInclude Include="include\MathUtils.h">
      <Filter>Header Files</Filter>
    </ClInclude>
    <ClInclude Include="include\MatrixManager.h">
      <Filter>Header Files</Filter>
    </ClInclude>
    <ClInclude Include="include\memory_aliases.h">
      <Filter>Header Files</Filter>
    </ClInclude>
    <ClInclude Include="include\MeshComponent.h">
      <Filter>Header Files</Filter>
    </ClInclude>
    <ClInclude Include="include\MeshData.h">
      <Filter>Header Files</Filter>
    </ClInclude>
    <ClInclude Include="include\MeshRenderer.h">
      <Filter>Header Files</Filter>
    </ClInclude>
    <ClInclude Include="include\ModelLoader.h">
      <Filter>Header Files</Filter>
    </ClInclude>
    <ClInclude Include="include\MultimediaManager.h">
      <Filter>Header Files</Filter>
    </ClInclude>
    <ClInclude Include="include\NormalMaterialComponent.h">
      <Filter>Header Files</Filter>
    </ClInclude>
    <ClInclude Include="include\NormalRendererComponent.h">
      <Filter>Header Files</Filter>
    </ClInclude>
    <ClInclude Include="include\OpenGLAPI.h">
      <Filter>Header Files</Filter>
    </ClInclude>
    <ClInclude Include="include\OpenGLESAPI.h">
      <Filter>Header Files</Filter>
    </ClInclude>
    <ClInclude Include="include\OutlineMaterialComponent.h">
      <Filter>Header Files</Filter>
    </ClInclude>
    <ClInclude Include="include\OutlineRendererComponent.h">
      <Filter>Header Files</Filter>
    </ClInclude>
    <ClInclude Include="include\OutlineRendererPPComponent.h">
      <Filter>Header Files</Filter>
    </ClInclude>
    <ClInclude Include="include\PointLightComponent.h">
      <Filter>Header Files</Filter>
    </ClInclude>
    <ClInclude Include="include\PostProcessingComponent.h">
      <Filter>Header Files</Filter>
    </ClInclude>
    <ClInclude Include="include\PostProcessingEffect.h">
      <Filter>Header Files</Filter>
    </ClInclude>
    <ClInclude Include="include\PostProcessingRenderer.h">
      <Filter>Header Files</Filter>
    </ClInclude>
    <ClInclude Include="include\PrimitiveMeshFactory.h">
      <Filter>Header Files</Filter>
    </ClInclude>
    <ClInclude Include="include\Rect.h">
      <Filter>Header Files</Filter>
    </ClInclude>
    <ClInclude Include="include\RenderEngine.h">
      <Filter>Header Files</Filter>
    </ClInclude>
    <ClInclude Include="include\RenderManager.h">
      <Filter>Header Files</Filter>
    </ClInclude>
    <ClInclude Include="include\SceneManager.h">
      <Filter>Header Files</Filter>
    </ClInclude>
    <ClInclude Include="include\SDLAPI.h">
      <Filter>Header Files</Filter>
    </ClInclude>
    <ClInclude Include="include\Shader.h">
      <Filter>Header Files</Filter>
    </ClInclude>
    <ClInclude Include="include\ShaderConstants.h">
      <Filter>Header Files</Filter>
    </ClInclude>
    <ClInclude Include="include\ShaderContentFactory.h">
      <Filter>Header Files</Filter>
    </ClInclude>
    <ClInclude Include="include\ShaderLightData.h">
      <Filter>Header Files</Filter>
    </ClInclude>
    <ClInclude Include="include\ShaderManager.h">
      <Filter>Header Files</Filter>
    </ClInclude>
    <ClInclude Include="include\ShadowData.h">
      <Filter>Header Files</Filter>
    </ClInclude>
    <ClInclude Include="include\ShadowRenderer.h">
      <Filter>Header Files</Filter>
    </ClInclude>
    <ClInclude Include="include\ShadowRendererShaderSetup.h">
      <Filter>Header Files</Filter>
    </ClInclude>
    <ClInclude Include="include\SinglePassRendererComponent.h">
      <Filter>Header Files</Filter>
    </ClInclude>
    <ClInclude Include="include\SingletonsManager.h">
      <Filter>Header Files</Filter>
    </ClInclude>
    <ClInclude Include="include\SpecularMaterialComponent.h">
      <Filter>Header Files</Filter>
    </ClInclude>
    <ClInclude Include="include\SpecularRendererComponent.h">
      <Filter>Header Files</Filter>
    </ClInclude>
    <ClInclude Include="include\StringUtils.h">
      <Filter>Header Files</Filter>
    </ClInclude>
    <ClInclude Include="include\TestServicesProvider.h">
      <Filter>Header Files</Filter>
    </ClInclude>
    <ClInclude Include="include\Texture.h">
      <Filter>Header Files</Filter>
    </ClInclude>
    <ClInclude Include="include\TextureManager.h">
      <Filter>Header Files</Filter>
    </ClInclude>
    <ClInclude Include="include\Timer.h">
      <Filter>Header Files</Filter>
    </ClInclude>
    <ClInclude Include="include\TransformComponent.h">
      <Filter>Header Files</Filter>
    </ClInclude>
    <ClInclude Include="include\ImGuiAPI.h">
      <Filter>Header Files</Filter>
    </ClInclude>
    <ClInclude Include="include\ImGuiAPIEmptyState.h">
      <Filter>Header Files</Filter>
    </ClInclude>
    <ClInclude Include="include\AImGuiAPIState.h">
      <Filter>Header Files</Filter>
    </ClInclude>
    <ClInclude Include="include\ImGuiAPIState.h">
      <Filter>Header Files</Filter>
    </ClInclude>
    <ClInclude Include="thirdParties\imgui\imconfig.h">
      <Filter>Header Files</Filter>
    </ClInclude>
    <ClInclude Include="thirdParties\imgui\imgui.h">
      <Filter>Header Files</Filter>
    </ClInclude>
    <ClInclude Include="thirdParties\imgui\imgui_impl_opengl3.h">
      <Filter>Header Files</Filter>
    </ClInclude>
    <ClInclude Include="thirdParties\imgui\imgui_impl_sdl.h">
      <Filter>Header Files</Filter>
    </ClInclude>
    <ClInclude Include="thirdParties\imgui\imgui_internal.h">
      <Filter>Header Files</Filter>
    </ClInclude>
    <ClInclude Include="thirdParties\imgui\imstb_rectpack.h">
      <Filter>Header Files</Filter>
    </ClInclude>
    <ClInclude Include="thirdParties\imgui\imstb_textedit.h">
      <Filter>Header Files</Filter>
    </ClInclude>
    <ClInclude Include="thirdParties\imgui\imstb_truetype.h">
      <Filter>Header Files</Filter>
    </ClInclude>
    <ClInclude Include="include\WorldEditor.h">
      <Filter>Header Files</Filter>
    </ClInclude>
    <ClInclude Include="include\MessagesManager.h">
      <Filter>Header Files</Filter>
    </ClInclude>
    <ClInclude Include="include\SpriteMaterialComponent.h">
      <Filter>Header Files</Filter>
    </ClInclude>
    <ClInclude Include="include\SpriteRendererComponent.h">
      <Filter>Header Files</Filter>
    </ClInclude>
    <ClInclude Include="include\SDLAndroidAPI.h">
      <Filter>Header Files</Filter>
    </ClInclude>
    <ClInclude Include="include\EngineValues.h">
      <Filter>Header Files</Filter>
    </ClInclude>
    <ClInclude Include="include\GUIButtonComponent.h">
      <Filter>Header Files</Filter>
    </ClInclude>
  </ItemGroup>
  <ItemGroup>
    <None Include="include\MessagesManager.tpp" />
  </ItemGroup>
</Project>